
Microsoft Visual Studio Solution File, Format Version 12.00
# Visual Studio Version 17
VisualStudioVersion = 17.12.35728.132
MinimumVisualStudioVersion = 10.0.40219.1
Project("{2150E333-8FDC-42A3-9474-1A3956D46DE8}") = "3.SQS", "3.SQS", "{02EA681E-C7D8-13C7-8484-4AC65E1B71E8}"
EndProject
Project("{FAE04EC0-301F-11D3-BF4B-00C04F79EFBC}") = "SqsPublisher", "SqsPublisher\SqsPublisher.csproj", "{B236F5C4-F482-4EC4-B97B-A8551F5D7DF0}"
EndProject
Project("{FAE04EC0-301F-11D3-BF4B-00C04F79EFBC}") = "SqsConsumer", "SqsConsumer\SqsConsumer.csproj", "{059A0771-7E6D-4DAA-B0C7-A9B267283850}"
EndProject
Project("{FAE04EC0-301F-11D3-BF4B-00C04F79EFBC}") = "Customers.Api", "Customers.Api\Customers.Api.csproj", "{12FA7751-FD98-4802-A1BA-AB0BE3E87C47}"
EndProject
Project("{FAE04EC0-301F-11D3-BF4B-00C04F79EFBC}") = "Customers.Consumer", "Customers.Consumer\Customers.Consumer.csproj", "{2331B40D-8D83-4AA4-A3E5-78F0A69C04D2}"
EndProject
Project("{2150E333-8FDC-42A3-9474-1A3956D46DE8}") = "4.Sns", "4.Sns", "{7F3CD44E-146E-4E15-BE6A-C8318B320D3E}"
EndProject
Project("{FAE04EC0-301F-11D3-BF4B-00C04F79EFBC}") = "SnsPublisher", "SnsPublisher\SnsPublisher.csproj", "{B023754C-053D-4D8C-AE92-EF9682C22B4D}"
EndProject
Project("{FAE04EC0-301F-11D3-BF4B-00C04F79EFBC}") = "Sns.Customers.Api", "Sns.Customers.Api\Sns.Customers.Api.csproj", "{2613B0C2-C7B8-4595-95BA-7AD2784A7935}"
EndProject
Project("{2150E333-8FDC-42A3-9474-1A3956D46DE8}") = "5.DynamoDb", "5.DynamoDb", "{1D4D003C-046A-4081-B01F-11AA51BFA928}"
EndProject
Project("{FAE04EC0-301F-11D3-BF4B-00C04F79EFBC}") = "DynamoDb.Customers.Api", "DynamoDb.Customers.Api\DynamoDb.Customers.Api.csproj", "{88AE4D74-059F-42F1-9604-378B6FE2C67B}"
EndProject
Project("{FAE04EC0-301F-11D3-BF4B-00C04F79EFBC}") = "Movies.Api", "Movies.Api\Movies.Api.csproj", "{439289FD-0128-48E1-A1D0-CBE13624EB09}"
EndProject
Project("{2150E333-8FDC-42A3-9474-1A3956D46DE8}") = "6.S3", "6.S3", "{5DB21257-88C2-450D-A665-91E365330A5C}"
EndProject
Project("{FAE04EC0-301F-11D3-BF4B-00C04F79EFBC}") = "S3Playground", "S3Playground\S3Playground.csproj", "{347CA670-4F1F-45A2-AE7F-5CF29F50A781}"
EndProject
Project("{FAE04EC0-301F-11D3-BF4B-00C04F79EFBC}") = "S3.Customers.Api", "S3.Customers.Api\S3.Customers.Api.csproj", "{F4F7A039-119D-412E-8347-CF80E63981E3}"
EndProject
Global
	GlobalSection(SolutionConfigurationPlatforms) = preSolution
		Debug|Any CPU = Debug|Any CPU
		Release|Any CPU = Release|Any CPU
	EndGlobalSection
	GlobalSection(ProjectConfigurationPlatforms) = postSolution
		{B236F5C4-F482-4EC4-B97B-A8551F5D7DF0}.Debug|Any CPU.ActiveCfg = Debug|Any CPU
		{B236F5C4-F482-4EC4-B97B-A8551F5D7DF0}.Debug|Any CPU.Build.0 = Debug|Any CPU
		{B236F5C4-F482-4EC4-B97B-A8551F5D7DF0}.Release|Any CPU.ActiveCfg = Release|Any CPU
		{B236F5C4-F482-4EC4-B97B-A8551F5D7DF0}.Release|Any CPU.Build.0 = Release|Any CPU
		{059A0771-7E6D-4DAA-B0C7-A9B267283850}.Debug|Any CPU.ActiveCfg = Debug|Any CPU
		{059A0771-7E6D-4DAA-B0C7-A9B267283850}.Debug|Any CPU.Build.0 = Debug|Any CPU
		{059A0771-7E6D-4DAA-B0C7-A9B267283850}.Release|Any CPU.ActiveCfg = Release|Any CPU
		{059A0771-7E6D-4DAA-B0C7-A9B267283850}.Release|Any CPU.Build.0 = Release|Any CPU
		{12FA7751-FD98-4802-A1BA-AB0BE3E87C47}.Debug|Any CPU.ActiveCfg = Debug|Any CPU
		{12FA7751-FD98-4802-A1BA-AB0BE3E87C47}.Debug|Any CPU.Build.0 = Debug|Any CPU
		{12FA7751-FD98-4802-A1BA-AB0BE3E87C47}.Release|Any CPU.ActiveCfg = Release|Any CPU
		{12FA7751-FD98-4802-A1BA-AB0BE3E87C47}.Release|Any CPU.Build.0 = Release|Any CPU
		{2331B40D-8D83-4AA4-A3E5-78F0A69C04D2}.Debug|Any CPU.ActiveCfg = Debug|Any CPU
		{2331B40D-8D83-4AA4-A3E5-78F0A69C04D2}.Debug|Any CPU.Build.0 = Debug|Any CPU
		{2331B40D-8D83-4AA4-A3E5-78F0A69C04D2}.Release|Any CPU.ActiveCfg = Release|Any CPU
		{2331B40D-8D83-4AA4-A3E5-78F0A69C04D2}.Release|Any CPU.Build.0 = Release|Any CPU
		{B023754C-053D-4D8C-AE92-EF9682C22B4D}.Debug|Any CPU.ActiveCfg = Debug|Any CPU
		{B023754C-053D-4D8C-AE92-EF9682C22B4D}.Debug|Any CPU.Build.0 = Debug|Any CPU
		{B023754C-053D-4D8C-AE92-EF9682C22B4D}.Release|Any CPU.ActiveCfg = Release|Any CPU
		{B023754C-053D-4D8C-AE92-EF9682C22B4D}.Release|Any CPU.Build.0 = Release|Any CPU
		{2613B0C2-C7B8-4595-95BA-7AD2784A7935}.Debug|Any CPU.ActiveCfg = Debug|Any CPU
		{2613B0C2-C7B8-4595-95BA-7AD2784A7935}.Debug|Any CPU.Build.0 = Debug|Any CPU
		{2613B0C2-C7B8-4595-95BA-7AD2784A7935}.Release|Any CPU.ActiveCfg = Release|Any CPU
		{2613B0C2-C7B8-4595-95BA-7AD2784A7935}.Release|Any CPU.Build.0 = Release|Any CPU
		{88AE4D74-059F-42F1-9604-378B6FE2C67B}.Debug|Any CPU.ActiveCfg = Debug|Any CPU
		{88AE4D74-059F-42F1-9604-378B6FE2C67B}.Debug|Any CPU.Build.0 = Debug|Any CPU
		{88AE4D74-059F-42F1-9604-378B6FE2C67B}.Release|Any CPU.ActiveCfg = Release|Any CPU
		{88AE4D74-059F-42F1-9604-378B6FE2C67B}.Release|Any CPU.Build.0 = Release|Any CPU
		{439289FD-0128-48E1-A1D0-CBE13624EB09}.Debug|Any CPU.ActiveCfg = Debug|Any CPU
		{439289FD-0128-48E1-A1D0-CBE13624EB09}.Debug|Any CPU.Build.0 = Debug|Any CPU
		{439289FD-0128-48E1-A1D0-CBE13624EB09}.Release|Any CPU.ActiveCfg = Release|Any CPU
		{439289FD-0128-48E1-A1D0-CBE13624EB09}.Release|Any CPU.Build.0 = Release|Any CPU
		{347CA670-4F1F-45A2-AE7F-5CF29F50A781}.Debug|Any CPU.ActiveCfg = Debug|Any CPU
		{347CA670-4F1F-45A2-AE7F-5CF29F50A781}.Debug|Any CPU.Build.0 = Debug|Any CPU
		{347CA670-4F1F-45A2-AE7F-5CF29F50A781}.Release|Any CPU.ActiveCfg = Release|Any CPU
		{347CA670-4F1F-45A2-AE7F-5CF29F50A781}.Release|Any CPU.Build.0 = Release|Any CPU
		{F4F7A039-119D-412E-8347-CF80E63981E3}.Debug|Any CPU.ActiveCfg = Debug|Any CPU
		{F4F7A039-119D-412E-8347-CF80E63981E3}.Debug|Any CPU.Build.0 = Debug|Any CPU
		{F4F7A039-119D-412E-8347-CF80E63981E3}.Release|Any CPU.ActiveCfg = Release|Any CPU
		{F4F7A039-119D-412E-8347-CF80E63981E3}.Release|Any CPU.Build.0 = Release|Any CPU
	EndGlobalSection
	GlobalSection(SolutionProperties) = preSolution
		HideSolutionNode = FALSE
	EndGlobalSection
	GlobalSection(NestedProjects) = preSolution
		{B236F5C4-F482-4EC4-B97B-A8551F5D7DF0} = {02EA681E-C7D8-13C7-8484-4AC65E1B71E8}
		{059A0771-7E6D-4DAA-B0C7-A9B267283850} = {02EA681E-C7D8-13C7-8484-4AC65E1B71E8}
		{12FA7751-FD98-4802-A1BA-AB0BE3E87C47} = {02EA681E-C7D8-13C7-8484-4AC65E1B71E8}
		{2331B40D-8D83-4AA4-A3E5-78F0A69C04D2} = {02EA681E-C7D8-13C7-8484-4AC65E1B71E8}
		{B023754C-053D-4D8C-AE92-EF9682C22B4D} = {7F3CD44E-146E-4E15-BE6A-C8318B320D3E}
		{2613B0C2-C7B8-4595-95BA-7AD2784A7935} = {7F3CD44E-146E-4E15-BE6A-C8318B320D3E}
		{88AE4D74-059F-42F1-9604-378B6FE2C67B} = {1D4D003C-046A-4081-B01F-11AA51BFA928}
		{439289FD-0128-48E1-A1D0-CBE13624EB09} = {1D4D003C-046A-4081-B01F-11AA51BFA928}
		{347CA670-4F1F-45A2-AE7F-5CF29F50A781} = {5DB21257-88C2-450D-A665-91E365330A5C}
		{F4F7A039-119D-412E-8347-CF80E63981E3} = {5DB21257-88C2-450D-A665-91E365330A5C}
	EndGlobalSection
	GlobalSection(ExtensibilityGlobals) = postSolution
		SolutionGuid = {293C15B1-D916-406C-BBD0-0977ED439105}
	EndGlobalSection
EndGlobal
