Microsoft Visual Studio Solution File, Format Version 12.00
# Visual Studio Version 17
VisualStudioVersion = 17.5.2.0
MinimumVisualStudioVersion = 10.0.40219.1
Project("{FAE04EC0-301F-11D3-BF4B-00C04F79EFBC}") = "DynamoDb.Customers.Api", "DynamoDb.Customers.Api.csproj", "{F5C76A63-81B7-317C-2968-A00438959363}"
EndProject
Global
	GlobalSection(SolutionConfigurationPlatforms) = preSolution
		Debug|Any CPU = Debug|Any CPU
		Release|Any CPU = Release|Any CPU
	EndGlobalSection
	GlobalSection(ProjectConfigurationPlatforms) = postSolution
		{F5C76A63-81B7-317C-2968-A00438959363}.Debug|Any CPU.ActiveCfg = Debug|Any CPU
		{F5C76A63-81B7-317C-2968-A00438959363}.Debug|Any CPU.Build.0 = Debug|Any CPU
		{F5C76A63-81B7-317C-2968-A00438959363}.Release|Any CPU.ActiveCfg = Release|Any CPU
		{F5C76A63-81B7-317C-2968-A00438959363}.Release|Any CPU.Build.0 = Release|Any CPU
	EndGlobalSection
	GlobalSection(SolutionProperties) = preSolution
		HideSolutionNode = FALSE
	EndGlobalSection
	GlobalSection(ExtensibilityGlobals) = postSolution
		SolutionGuid = {C3197F81-711E-4CF9-9990-E8B9F1CD35BD}
	EndGlobalSection
EndGlobal
